lockfileVersion: 5.3

specifiers:
  '@types/react': ^17.0.38
  '@types/react-dom': ^17.0.11
  haya: ^0.0.4
  react: ^17.0.2
  react-dom: ^17.0.2

devDependencies:
  '@types/react': 17.0.38
  '@types/react-dom': 17.0.11
  haya: 0.0.4
  react: 17.0.2
  react-dom: 17.0.2_react@17.0.2

packages:

  /@types/prop-types/15.7.4:
    resolution: {integrity: sha512-rZ5drC/jWjrArrS8BR6SIr4cWpW09RNTYt9AMZo3Jwwif+iacXAqgVjm0B0Bv/S1jhDXKHqRVNCbACkJ89RAnQ==}
    dev: true

  /@types/react-dom/17.0.11:
    resolution: {integrity: sha512-f96K3k+24RaLGVu/Y2Ng3e1EbZ8/cVJvypZWd7cy0ofCBaf2lcM46xNhycMZ2xGwbBjRql7hOlZ+e2WlJ5MH3Q==}
    dependencies:
      '@types/react': 17.0.38
    dev: true

  /@types/react/17.0.38:
    resolution: {integrity: sha512-SI92X1IA+FMnP3qM5m4QReluXzhcmovhZnLNm3pyeQlooi02qI7sLiepEYqT678uNiyc25XfCqxREFpy3W7YhQ==}
    dependencies:
      '@types/prop-types': 15.7.4
      '@types/scheduler': 0.16.2
      csstype: 3.0.10
    dev: true

  /@types/scheduler/0.16.2:
    resolution: {integrity: sha512-hppQEBDmlwhFAXKJX2KnWLYu5yMfi91yazPb2l+lbJiwW+wdo1gNeRA+3RgNSO39WYX2euey41KEwnqesU2Jew==}
    dev: true

  /anymatch/3.1.2:
    resolution: {integrity: sha512-P43ePfOAIupkguHUycrc4qJ9kz8ZiuOUijaETwX7THt0Y/GNK7v0aa8rY816xWjZ7rJdA5XdMcpVFTKMq+RvWg==}
    engines: {node: '>= 8'}
    dependencies:
      normalize-path: 3.0.0
      picomatch: 2.3.0
    dev: true

  /binary-extensions/2.2.0:
    resolution: {integrity: sha512-jDctJ/IVQbZoJykoeHbhXpOlNBqGNcwXJKJog42E5HDPUwQTSdjCHdihjj0DlnheQ7blbT6dHOafNAiS8ooQKA==}
    engines: {node: '>=8'}
    dev: true

  /braces/3.0.2:
    resolution: {integrity: sha512-b8um+L1RzM3WDSzvhm6gIz1yfTbBt6YTlcEKAvsmqCZZFw46z626lVj9j1yEPW33H5H+lBQpZMP1k8l+78Ha0A==}
    engines: {node: '>=8'}
    dependencies:
      fill-range: 7.0.1
    dev: true

  /chokidar/3.5.2:
    resolution: {integrity: sha512-ekGhOnNVPgT77r4K/U3GDhu+FQ2S8TnK/s2KbIGXi0SZWuwkZ2QNyfWdZW+TVfn84DpEP7rLeCt2UI6bJ8GwbQ==}
    engines: {node: '>= 8.10.0'}
    dependencies:
      anymatch: 3.1.2
      braces: 3.0.2
      glob-parent: 5.1.2
      is-binary-path: 2.1.0
      is-glob: 4.0.3
      normalize-path: 3.0.0
      readdirp: 3.6.0
    optionalDependencies:
      fsevents: 2.3.2
    dev: true

  /csstype/3.0.10:
    resolution: {integrity: sha512-2u44ZG2OcNUO9HDp/Jl8C07x6pU/eTR3ncV91SiK3dhG9TWvRVsCoJw14Ckx5DgWkzGA3waZWO3d7pgqpUI/XA==}
    dev: true

  /esbuild-android-arm64/0.14.8:
    resolution: {integrity: sha512-tAEoSHnPBSH0cCAFa/aYs3LPsoTY4SwsP6wDKi4PaelbQYNJjqNpAeweyJ8l98g1D6ZkLyqsHbkYj+209sezkA==}
    cpu: [arm64]
    os: [android]
    requiresBuild: true
    dev: true
    optional: true

  /esbuild-darwin-64/0.14.8:
    resolution: {integrity: sha512-t7p7WzTb+ybiD/irkMt5j/NzB+jY+8yPTsrXk5zCOH1O7DdthRnAUJ7pJPwImdL7jAGRbLtYRxUPgCHs/0qUPw==}
    cpu: [x64]
    os: [darwin]
    requiresBuild: true
    dev: true
    optional: true

  /esbuild-darwin-arm64/0.14.8:
    resolution: {integrity: sha512-5FeaT2zMUajKnBwUMSsjZev5iA38YHrDmXhkOCwZQIFUvhqojinqCrvv/X7dyxb1987bcY9KGwJ+EwDwd922HQ==}
    cpu: [arm64]
    os: [darwin]
    requiresBuild: true
    dev: true
    optional: true

  /esbuild-freebsd-64/0.14.8:
    resolution: {integrity: sha512-pGHBLSf7ynfyDZXUtbq/GsA2VIwQlWXrUj1AMcE0id47mRdEUM8/1ZuqMGZx63hRnNgtK9zNJ8OIu2c7qq76Qw==}
    cpu: [x64]
    os: [freebsd]
    requiresBuild: true
    dev: true
    optional: true

  /esbuild-freebsd-arm64/0.14.8:
    resolution: {integrity: sha512-g4GgAnrx6Gh1BjKJjJWgPnOR4tW2FcAx9wFvyUjRsIjB35gT+aAFR+P/zStu5OG9LnbS8Pvjd4wS68QIXk+2dA==}
    cpu: [arm64]
    os: [freebsd]
    requiresBuild: true
    dev: true
    optional: true

  /esbuild-linux-32/0.14.8:
    resolution: {integrity: sha512-wPfQJadF5vTzriw/B8Ide74PeAJlZW7czNx3NIUHkHlXb+En1SeIqNzl6jG9DuJUl57xD9Ucl9YJFEkFeX8eLg==}
    cpu: [ia32]
    os: [linux]
    requiresBuild: true
    dev: true
    optional: true

  /esbuild-linux-64/0.14.8:
    resolution: {integrity: sha512-+RNuLk9RhRDL2kG+KTEYl5cIgF6AGLkRnKKWEu9DpCZaickONEqrKyQSVn410Hj105DLdW6qvIXQQHPycJhExg==}
    cpu: [x64]
    os: [linux]
    requiresBuild: true
    dev: true
    optional: true

  /esbuild-linux-arm/0.14.8:
    resolution: {integrity: sha512-HIct38SvUAIJbiTwV/PVQroimQo96TGtzRDAEZxTorB4vsAj1r8bd0keXExPU4RH7G0zIqC4loQQpWYL+nH4Vg==}
    cpu: [arm]
    os: [linux]
    requiresBuild: true
    dev: true
    optional: true

  /esbuild-linux-arm64/0.14.8:
    resolution: {integrity: sha512-BtWoKNYul9UoxUvQUSdSrvSmJyFL1sGnNPTSqWCg1wMe4kmc8UY2yVsXSSkKO8N2jtHxlgFyz/XhvNBzEwGVcw==}
    cpu: [arm64]
    os: [linux]
    requiresBuild: true
    dev: true
    optional: true

  /esbuild-linux-mips64le/0.14.8:
    resolution: {integrity: sha512-0DxnCl9XTvaQtsX6Qa+Phr5i9b04INwwSv2RbQ2UWRLoQ/037iaFzbmuhgrcmaGOcRwPkCa+4Qo5EgI01MUgsQ==}
    cpu: [mips64el]
    os: [linux]
    requiresBuild: true
    dev: true
    optional: true

  /esbuild-linux-ppc64le/0.14.8:
    resolution: {integrity: sha512-Uzr/OMj97Q0qoWLXCvXCKUY/z1SNI4iSZEuYylM5Nd71HGStL32XWq/MReJ0PYMvUMKKJicKSKw2jWM1uBQ84Q==}
    cpu: [ppc64]
    os: [linux]
    requiresBuild: true
    dev: true
    optional: true

  /esbuild-linux-s390x/0.14.8:
    resolution: {integrity: sha512-vURka7aCA5DrRoOqOn6pXYwFlDSoQ4qnqam8AC0Ikn6tibutuhgar6M3Ek2DCuz9yqd396mngdYr5A8x2TPkww==}
    cpu: [s390x]
    os: [linux]
    requiresBuild: true
    dev: true
    optional: true

  /esbuild-netbsd-64/0.14.8:
    resolution: {integrity: sha512-tjyDak2/pp0VUAhBW6/ueuReMd5qLHNlisXl5pq0Xn0z+kH9urA/t1igm0JassWbdMz123td5ZEQWoD9KbtOAw==}
    cpu: [x64]
    os: [netbsd]
    requiresBuild: true
    dev: true
    optional: true

  /esbuild-openbsd-64/0.14.8:
    resolution: {integrity: sha512-zAKKV15fIyAuDDga5rQv0lW2ufBWj/OCjqjDBb3dJf5SfoAi/DMIHuzmkKQeDQ+oxt9Rp1D7ZOlOBVflutFTqQ==}
    cpu: [x64]
    os: [openbsd]
    requiresBuild: true
    dev: true
    optional: true

  /esbuild-sunos-64/0.14.8:
    resolution: {integrity: sha512-xV41Wa8imziM/2dbWZjLKQbIETRgo5dE0oc/uPsgaecJhsrdA0VkGa/V432LJSUYv967xHDQdoRRl5tr80+NnQ==}
    cpu: [x64]
    os: [sunos]
    requiresBuild: true
    dev: true
    optional: true

  /esbuild-windows-32/0.14.8:
    resolution: {integrity: sha512-AxpdeLKQSyCZo7MzdOyV4OgEbEJcjnrS/2niAjbHESbjuS5P1DN/5vZoJ/JSWDVa/40OkBuHBhAXMx1HK3UDsg==}
    cpu: [ia32]
    os: [win32]
    requiresBuild: true
    dev: true
    optional: true

  /esbuild-windows-64/0.14.8:
    resolution: {integrity: sha512-/3pllNoy8mrz/E1rYalwiwwhzJBrYQhEapwAteHZbFVhGzYuB8F80e8x5eA8dhFHxDiZh1VzK+hREwwSt8UTQA==}
    cpu: [x64]
    os: [win32]
    requiresBuild: true
    dev: true
    optional: true

  /esbuild-windows-arm64/0.14.8:
    resolution: {integrity: sha512-lTm5naoNgaUvzIiax3XYIEebqwr3bIIEEtqUhzQ2UQ+JMBmvhr02w3sJIJqF3axTX6TgWrC1OtM7DYNvFG+aXA==}
    cpu: [arm64]
    os: [win32]
    requiresBuild: true
    dev: true
    optional: true

  /esbuild/0.14.8:
    resolution: {integrity: sha512-stMsCBmxwaMpeK8GC/49L/cRGIwsHwoEN7Twk5zDTHlm/63c0KXFKzDC8iM2Mi3fyCKwS002TAH6IlAvqR6t3g==}
    hasBin: true
    requiresBuild: true
    optionalDependencies:
      esbuild-android-arm64: 0.14.8
      esbuild-darwin-64: 0.14.8
      esbuild-darwin-arm64: 0.14.8
      esbuild-freebsd-64: 0.14.8
      esbuild-freebsd-arm64: 0.14.8
      esbuild-linux-32: 0.14.8
      esbuild-linux-64: 0.14.8
      esbuild-linux-arm: 0.14.8
      esbuild-linux-arm64: 0.14.8
      esbuild-linux-mips64le: 0.14.8
      esbuild-linux-ppc64le: 0.14.8
      esbuild-linux-s390x: 0.14.8
      esbuild-netbsd-64: 0.14.8
      esbuild-openbsd-64: 0.14.8
      esbuild-sunos-64: 0.14.8
      esbuild-windows-32: 0.14.8
      esbuild-windows-64: 0.14.8
      esbuild-windows-arm64: 0.14.8
    dev: true

  /fill-range/7.0.1:
    resolution: {integrity: sha512-qOo9F+dMUmC2Lcb4BbVvnKJxTPjCm+RRpe4gDuGrzkL7mEVl/djYSu2OdQ2Pa302N4oqkSg9ir6jaLWJ2USVpQ==}
    engines: {node: '>=8'}
    dependencies:
      to-regex-range: 5.0.1
    dev: true

  /fsevents/2.3.2:
    resolution: {integrity: sha512-xiqMQR4xAeHTuB9uWm+fFRcIOgKBMiOBP+eXiyT7jsgVCq1bkVygt00oASowB7EdtpOHaaPgKt812P9ab+DDKA==}
    engines: {node: ^8.16.0 || ^10.6.0 || >=11.0.0}
    os: [darwin]
    requiresBuild: true
    dev: true
    optional: true

  /glob-parent/5.1.2:
    resolution: {integrity: sha512-AOIgSQCepiJYwP3ARnGx+5VnTu2HBYdzbGP45eLw1vr3zB3vZLeyed1sC9hnbcOc9/SrMyM5RPQrkGz4aS9Zow==}
    engines: {node: '>= 6'}
    dependencies:
      is-glob: 4.0.3
    dev: true

  /haya/0.0.4:
    resolution: {integrity: sha512-QnQUovgXR5x0wturyTYA6vnv+G1E7wQfjqbJ3Cl1Bf7O22kqL3oMaMU20fuqu1SFB/nQXte1uf5JnebC957Gqg==}
    engines: {node: '>=16'}
    hasBin: true
    dependencies:
      chokidar: 3.5.2
      esbuild: 0.14.8
      ws: 8.4.0
    transitivePeerDependencies:
      - bufferutil
      - utf-8-validate
    dev: true

  /is-binary-path/2.1.0:
    resolution: {integrity: sha512-ZMERYes6pDydyuGidse7OsHxtbI7WVeUEozgR/g7rd0xUimYNlvZRE/K2MgZTjWy725IfelLeVcEM97mmtRGXw==}
    engines: {node: '>=8'}
    dependencies:
      binary-extensions: 2.2.0
    dev: true

  /is-extglob/2.1.1:
    resolution: {integrity: sha1-qIwCU1eR8C7TfHahueqXc8gz+MI=}
    engines: {node: '>=0.10.0'}
    dev: true

  /is-glob/4.0.3:
    resolution: {integrity: sha512-xelSayHH36ZgE7ZWhli7pW34hNbNl8Ojv5KVmkJD4hBdD3th8Tfk9vYasLM+mXWOZhFkgZfxhLSnrwRr4elSSg==}
    engines: {node: '>=0.10.0'}
    dependencies:
      is-extglob: 2.1.1
    dev: true

  /is-number/7.0.0:
    resolution: {integrity: sha512-41Cifkg6e8TylSpdtTpeLVMqvSBEVzTttHvERD741+pnZ8ANv0004MRL43QKPDlK9cGvNp6NZWZUBlbGXYxxng==}
    engines: {node: '>=0.12.0'}
    dev: true

  /js-tokens/4.0.0:
    resolution: {integrity: sha512-RdJUflcE3cUzKiMqQgsCu06FPu9UdIJO0beYbPhHN4k6apgJtifcoCtT9bcxOpYBtpD2kCM6Sbzg4CausW/PKQ==}
    dev: true

  /loose-envify/1.4.0:
    resolution: {integrity: sha512-lyuxPGr/Wfhrlem2CL/UcnUc1zcqKAImBDzukY7Y5F/yQiNdko6+fRLevlw1HgMySw7f611UIY408EtxRSoK3Q==}
    hasBin: true
    dependencies:
      js-tokens: 4.0.0
    dev: true

  /normalize-path/3.0.0:
    resolution: {integrity: sha512-6eZs5Ls3WtCisHWp9S2GUy8dqkpGi4BVSz3GaqiE6ezub0512ESztXUwUB6C6IKbQkY2Pnb/mD4WYojCRwcwLA==}
    engines: {node: '>=0.10.0'}
    dev: true

  /object-assign/4.1.1:
    resolution: {integrity: sha1-IQmtx5ZYh8/AXLvUQsrIv7s2CGM=}
    engines: {node: '>=0.10.0'}
    dev: true

  /picomatch/2.3.0:
    resolution: {integrity: sha512-lY1Q/PiJGC2zOv/z391WOTD+Z02bCgsFfvxoXXf6h7kv9o+WmsmzYqrAwY63sNgOxE4xEdq0WyUnXfKeBrSvYw==}
    engines: {node: '>=8.6'}
    dev: true

  /react-dom/17.0.2_react@17.0.2:
    resolution: {integrity: sha512-s4h96KtLDUQlsENhMn1ar8t2bEa+q/YAtj8pPPdIjPDGBDIVNsrD9aXNWqspUe6AzKCIG0C1HZZLqLV7qpOBGA==}
    peerDependencies:
      react: 17.0.2
    dependencies:
      loose-envify: 1.4.0
      object-assign: 4.1.1
      react: 17.0.2
      scheduler: 0.20.2
    dev: true

  /react/17.0.2:
    resolution: {integrity: sha512-gnhPt75i/dq/z3/6q/0asP78D0u592D5L1pd7M8P+dck6Fu/jJeL6iVVK23fptSUZj8Vjf++7wXA8UNclGQcbA==}
    engines: {node: '>=0.10.0'}
    dependencies:
      loose-envify: 1.4.0
      object-assign: 4.1.1
    dev: true

  /readdirp/3.6.0:
    resolution: {integrity: sha512-hOS089on8RduqdbhvQ5Z37A0ESjsqz6qnRcffsMU3495FuTdqSm+7bhJ29JvIOsBDEEnan5DPu9t3To9VRlMzA==}
    engines: {node: '>=8.10.0'}
    dependencies:
      picomatch: 2.3.0
    dev: true

  /scheduler/0.20.2:
    resolution: {integrity: sha512-2eWfGgAqqWFGqtdMmcL5zCMK1U8KlXv8SQFGglL3CEtd0aDVDWgeF/YoCmvln55m5zSk3J/20hTaSBeSObsQDQ==}
    dependencies:
      loose-envify: 1.4.0
      object-assign: 4.1.1
    dev: true

  /to-regex-range/5.0.1:
    resolution: {integrity: sha512-65P7iz6X5yEr1cwcgvQxbbIw7Uk3gOy5dIdtZ4rDveLqhrdJP+Li/Hx6tyK0NEb+2GCyneCMJiGqrADCSNk8sQ==}
    engines: {node: '>=8.0'}
    dependencies:
      is-number: 7.0.0
    dev: true

  /ws/8.4.0:
    resolution: {integrity: sha512-IHVsKe2pjajSUIl4KYMQOdlyliovpEPquKkqbwswulszzI7r0SfQrxnXdWAEqOlDCLrVSJzo+O1hAwdog2sKSQ==}
    engines: {node: '>=10.0.0'}
    peerDependencies:
      bufferutil: ^4.0.1
      utf-8-validate: ^5.0.2
    peerDependenciesMeta:
      bufferutil:
        optional: true
      utf-8-validate:
        optional: true
    dev: true
